
Microsoft Visual Studio Solution File, Format Version 12.00
# Visual Studio Version 17
VisualStudioVersion = 17.10.35013.160
MinimumVisualStudioVersion = 10.0.40219.1
Project("{FAE04EC0-301F-11D3-BF4B-00C04F79EFBC}") = "fizz_buzz", "fizz_buzz\fizz_buzz.csproj", "{580A5BC1-F7F1-4AE2-BD26-6C208F24F336}"
EndProject
Project("{FAE04EC0-301F-11D3-BF4B-00C04F79EFBC}") = "fizz_buzz.tests", "fizz_buzz.tests\fizz_buzz.tests.csproj", "{4B9DD1DA-982D-41E2-A59B-7FD6B04A4EEC}"
EndProject
Project("{FAE04EC0-301F-11D3-BF4B-00C04F79EFBC}") = "wardrobe", "wardrobe\wardrobe.csproj", "{D67CB9E3-D758-4480-98D7-15B20F00909F}"
EndProject
Project("{FAE04EC0-301F-11D3-BF4B-00C04F79EFBC}") = "wardrobe.tests", "wardrobe.tests\wardrobe.tests.csproj", "{E5333A77-14A0-4CE9-9AE5-6EAB78C93877}"
EndProject
Global
	GlobalSection(SolutionConfigurationPlatforms) = preSolution
		Debug|Any CPU = Debug|Any CPU
		Release|Any CPU = Release|Any CPU
	EndGlobalSection
	GlobalSection(ProjectConfigurationPlatforms) = postSolution
		{580A5BC1-F7F1-4AE2-BD26-6C208F24F336}.Debug|Any CPU.ActiveCfg = Debug|Any CPU
		{580A5BC1-F7F1-4AE2-BD26-6C208F24F336}.Debug|Any CPU.Build.0 = Debug|Any CPU
		{580A5BC1-F7F1-4AE2-BD26-6C208F24F336}.Release|Any CPU.ActiveCfg = Release|Any CPU
		{580A5BC1-F7F1-4AE2-BD26-6C208F24F336}.Release|Any CPU.Build.0 = Release|Any CPU
		{4B9DD1DA-982D-41E2-A59B-7FD6B04A4EEC}.Debug|Any CPU.ActiveCfg = Debug|Any CPU
		{4B9DD1DA-982D-41E2-A59B-7FD6B04A4EEC}.Debug|Any CPU.Build.0 = Debug|Any CPU
		{4B9DD1DA-982D-41E2-A59B-7FD6B04A4EEC}.Release|Any CPU.ActiveCfg = Release|Any CPU
		{4B9DD1DA-982D-41E2-A59B-7FD6B04A4EEC}.Release|Any CPU.Build.0 = Release|Any CPU
		{D67CB9E3-D758-4480-98D7-15B20F00909F}.Debug|Any CPU.ActiveCfg = Debug|Any CPU
		{D67CB9E3-D758-4480-98D7-15B20F00909F}.Debug|Any CPU.Build.0 = Debug|Any CPU
		{D67CB9E3-D758-4480-98D7-15B20F00909F}.Release|Any CPU.ActiveCfg = Release|Any CPU
		{D67CB9E3-D758-4480-98D7-15B20F00909F}.Release|Any CPU.Build.0 = Release|Any CPU
		{E5333A77-14A0-4CE9-9AE5-6EAB78C93877}.Debug|Any CPU.ActiveCfg = Debug|Any CPU
		{E5333A77-14A0-4CE9-9AE5-6EAB78C93877}.Debug|Any CPU.Build.0 = Debug|Any CPU
		{E5333A77-14A0-4CE9-9AE5-6EAB78C93877}.Release|Any CPU.ActiveCfg = Release|Any CPU
		{E5333A77-14A0-4CE9-9AE5-6EAB78C93877}.Release|Any CPU.Build.0 = Release|Any CPU
	EndGlobalSection
	GlobalSection(SolutionProperties) = preSolution
		HideSolutionNode = FALSE
	EndGlobalSection
	GlobalSection(ExtensibilityGlobals) = postSolution
		SolutionGuid = {29C0ADF4-179D-4CD8-ACD9-119E7C189BA1}
	EndGlobalSection
EndGlobal
